// !$*UTF8*$!
{
	archiveVersion = 1;
	classes = {
	};
	objectVersion = 55;
	objects = {

/* Begin PBXBuildFile section */
		A91B4F9A29BB19EF002CF7E9 /* AppDelegate.swift in Sources */ = {isa = PBXBuildFile; fileRef = A91B4F9929BB19EF002CF7E9 /* AppDelegate.swift */; };
		A91B4F9C29BB19EF002CF7E9 /* SceneDelegate.swift in Sources */ = {isa = PBXBuildFile; fileRef = A91B4F9B29BB19EF002CF7E9 /* SceneDelegate.swift */; };
		A91B4FA129BB19EF002CF7E9 /* Main.storyboard in Resources */ = {isa = PBXBuildFile; fileRef = A91B4F9F29BB19EF002CF7E9 /* Main.storyboard */; };
		A91B4FA329BB19F0002CF7E9 /* Assets.xcassets in Resources */ = {isa = PBXBuildFile; fileRef = A91B4FA229BB19F0002CF7E9 /* Assets.xcassets */; };
		A91B4FA629BB19F0002CF7E9 /* LaunchScreen.storyboard in Resources */ = {isa = PBXBuildFile; fileRef = A91B4FA429BB19F0002CF7E9 /* LaunchScreen.storyboard */; };
		A91B4FAE29BB1D19002CF7E9 /* GoogleService-Info.plist in Resources */ = {isa = PBXBuildFile; fileRef = A91B4FAD29BB1D19002CF7E9 /* GoogleService-Info.plist */; };
		A9343C0929F163B6001FB439 /* Zoom in.mov in Resources */ = {isa = PBXBuildFile; fileRef = A9343C0829F163B6001FB439 /* Zoom in.mov */; };
		A9453BDD29CB3A3D00A62DB0 /* SignInViewModel.swift in Sources */ = {isa = PBXBuildFile; fileRef = A9453BDC29CB3A3D00A62DB0 /* SignInViewModel.swift */; };
		A9453BDF29CC458D00A62DB0 /* FeedViewModel.swift in Sources */ = {isa = PBXBuildFile; fileRef = A9453BDE29CC458D00A62DB0 /* FeedViewModel.swift */; };
		A9453BE129CC73FC00A62DB0 /* UploadViewModel.swift in Sources */ = {isa = PBXBuildFile; fileRef = A9453BE029CC73FC00A62DB0 /* UploadViewModel.swift */; };
		A9453BE329CC8C8B00A62DB0 /* SettingsViewModel.swift in Sources */ = {isa = PBXBuildFile; fileRef = A9453BE229CC8C8B00A62DB0 /* SettingsViewModel.swift */; };
		A9453BED29CCAC0F00A62DB0 /* SignInVC.swift in Sources */ = {isa = PBXBuildFile; fileRef = A9453BEC29CCAC0F00A62DB0 /* SignInVC.swift */; };
		A94FB11129F9436200778543 /* YPImagePicker in Frameworks */ = {isa = PBXBuildFile; productRef = A94FB11029F9436200778543 /* YPImagePicker */; };
		A9B5979429C49B2C009ED305 /* FeedCell.swift in Sources */ = {isa = PBXBuildFile; fileRef = A9B5979329C49B2C009ED305 /* FeedCell.swift */; };
		A9B5979929C8702E009ED305 /* SDWebImageSVGCoder in Frameworks */ = {isa = PBXBuildFile; productRef = A9B5979829C8702E009ED305 /* SDWebImageSVGCoder */; };
		A9B597A129C9F9E2009ED305 /* Constants.swift in Sources */ = {isa = PBXBuildFile; fileRef = A9B597A029C9F9E2009ED305 /* Constants.swift */; };
		A9B597A329C9FCD7009ED305 /* Extensions.swift in Sources */ = {isa = PBXBuildFile; fileRef = A9B597A229C9FCD7009ED305 /* Extensions.swift */; };
		A9BA9D1329F6B8AA001CF6AB /* FeedCell.xib in Resources */ = {isa = PBXBuildFile; fileRef = A9BA9D1129F6B8AA001CF6AB /* FeedCell.xib */; };
		A9BA9D1629F6C418001CF6AB /* ProfileVC.swift in Sources */ = {isa = PBXBuildFile; fileRef = A9BA9D1529F6C418001CF6AB /* ProfileVC.swift */; };
		A9BA9D1929F6CAF6001CF6AB /* MyPhotosCell.swift in Sources */ = {isa = PBXBuildFile; fileRef = A9BA9D1729F6CAF6001CF6AB /* MyPhotosCell.swift */; };
		A9BA9D1A29F6CAF6001CF6AB /* MyPhotosCell.xib in Resources */ = {isa = PBXBuildFile; fileRef = A9BA9D1829F6CAF6001CF6AB /* MyPhotosCell.xib */; };
		A9BA9D1C29F6E830001CF6AB /* MyPhotosHeaderView.swift in Sources */ = {isa = PBXBuildFile; fileRef = A9BA9D1B29F6E830001CF6AB /* MyPhotosHeaderView.swift */; };
		A9BA9D1E29F6EB5C001CF6AB /* ProfileViewModel.swift in Sources */ = {isa = PBXBuildFile; fileRef = A9BA9D1D29F6EB5C001CF6AB /* ProfileViewModel.swift */; };
		A9DFEE1029BB7E9D0059C3A7 /* FeedVC.swift in Sources */ = {isa = PBXBuildFile; fileRef = A9DFEE0F29BB7E9D0059C3A7 /* FeedVC.swift */; };
		A9DFEE1429BB7F010059C3A7 /* SettingsVC.swift in Sources */ = {isa = PBXBuildFile; fileRef = A9DFEE1329BB7F010059C3A7 /* SettingsVC.swift */; };
		A9DFEE1629BB7F1C0059C3A7 /* UploadVC.swift in Sources */ = {isa = PBXBuildFile; fileRef = A9DFEE1529BB7F1C0059C3A7 /* UploadVC.swift */; };
		A9E2B69329D467F8008B1118 /* LikeListVC.swift in Sources */ = {isa = PBXBuildFile; fileRef = A9E2B69229D467F8008B1118 /* LikeListVC.swift */; };
		A9E2B69529D5BEB2008B1118 /* FeedCellViewModel.swift in Sources */ = {isa = PBXBuildFile; fileRef = A9E2B69429D5BEB2008B1118 /* FeedCellViewModel.swift */; };
		A9F6F4AA29BB4FF200C45192 /* FirebaseAnalytics in Frameworks */ = {isa = PBXBuildFile; productRef = A9F6F4A929BB4FF200C45192 /* FirebaseAnalytics */; };
		A9F6F4AC29BB4FF200C45192 /* FirebaseAuth in Frameworks */ = {isa = PBXBuildFile; productRef = A9F6F4AB29BB4FF200C45192 /* FirebaseAuth */; };
		A9F6F4AE29BB4FF200C45192 /* FirebaseFirestore in Frameworks */ = {isa = PBXBuildFile; productRef = A9F6F4AD29BB4FF200C45192 /* FirebaseFirestore */; };
		A9F6F4B029BB4FF200C45192 /* FirebaseStorage in Frameworks */ = {isa = PBXBuildFile; productRef = A9F6F4AF29BB4FF200C45192 /* FirebaseStorage */; };
/* End PBXBuildFile section */

/* Begin PBXFileReference section */
		A91B4F9629BB19EF002CF7E9 /* InstaClone.app */ = {isa = PBXFileReference; explicitFileType = wrapper.application; includeInIndex = 0; path = InstaClone.app; sourceTree = BUILT_PRODUCTS_DIR; };
		A91B4F9929BB19EF002CF7E9 /* AppDelegate.swift */ = {isa = PBXFileReference; lastKnownFileType = sourcecode.swift; path = AppDelegate.swift; sourceTree = "<group>"; };
		A91B4F9B29BB19EF002CF7E9 /* SceneDelegate.swift */ = {isa = PBXFileReference; lastKnownFileType = sourcecode.swift; path = SceneDelegate.swift; sourceTree = "<group>"; };
		A91B4FA029BB19EF002CF7E9 /* Base */ = {isa = PBXFileReference; lastKnownFileType = file.storyboard; name = Base; path = Base.lproj/Main.storyboard; sourceTree = "<group>"; };
		A91B4FA229BB19F0002CF7E9 /* Assets.xcassets */ = {isa = PBXFileReference; lastKnownFileType = folder.assetcatalog; path = Assets.xcassets; sourceTree = "<group>"; };
		A91B4FA529BB19F0002CF7E9 /* Base */ = {isa = PBXFileReference; lastKnownFileType = file.storyboard; name = Base; path = Base.lproj/LaunchScreen.storyboard; sourceTree = "<group>"; };
		A91B4FA729BB19F0002CF7E9 /* Info.plist */ = {isa = PBXFileReference; lastKnownFileType = text.plist.xml; path = Info.plist; sourceTree = "<group>"; };
		A91B4FAD29BB1D19002CF7E9 /* GoogleService-Info.plist */ = {isa = PBXFileReference; fileEncoding = 4; lastKnownFileType = text.plist.xml; path = "GoogleService-Info.plist"; sourceTree = "<group>"; };
		A9343C0829F163B6001FB439 /* Zoom in.mov */ = {isa = PBXFileReference; lastKnownFileType = video.quicktime; path = "Zoom in.mov"; sourceTree = "<group>"; };
		A9453BDC29CB3A3D00A62DB0 /* SignInViewModel.swift */ = {isa = PBXFileReference; lastKnownFileType = sourcecode.swift; path = SignInViewModel.swift; sourceTree = "<group>"; };
		A9453BDE29CC458D00A62DB0 /* FeedViewModel.swift */ = {isa = PBXFileReference; lastKnownFileType = sourcecode.swift; path = FeedViewModel.swift; sourceTree = "<group>"; };
		A9453BE029CC73FC00A62DB0 /* UploadViewModel.swift */ = {isa = PBXFileReference; lastKnownFileType = sourcecode.swift; path = UploadViewModel.swift; sourceTree = "<group>"; };
		A9453BE229CC8C8B00A62DB0 /* SettingsViewModel.swift */ = {isa = PBXFileReference; lastKnownFileType = sourcecode.swift; path = SettingsViewModel.swift; sourceTree = "<group>"; };
		A9453BEC29CCAC0F00A62DB0 /* SignInVC.swift */ = {isa = PBXFileReference; fileEncoding = 4; lastKnownFileType = sourcecode.swift; path = SignInVC.swift; sourceTree = "<group>"; };
		A9B5979329C49B2C009ED305 /* FeedCell.swift */ = {isa = PBXFileReference; lastKnownFileType = sourcecode.swift; path = FeedCell.swift; sourceTree = "<group>"; };
		A9B597A029C9F9E2009ED305 /* Constants.swift */ = {isa = PBXFileReference; lastKnownFileType = sourcecode.swift; path = Constants.swift; sourceTree = "<group>"; };
		A9B597A229C9FCD7009ED305 /* Extensions.swift */ = {isa = PBXFileReference; lastKnownFileType = sourcecode.swift; path = Extensions.swift; sourceTree = "<group>"; };
		A9BA9D1129F6B8AA001CF6AB /* FeedCell.xib */ = {isa = PBXFileReference; lastKnownFileType = file.xib; path = FeedCell.xib; sourceTree = "<group>"; };
		A9BA9D1529F6C418001CF6AB /* ProfileVC.swift */ = {isa = PBXFileReference; lastKnownFileType = sourcecode.swift; path = ProfileVC.swift; sourceTree = "<group>"; };
		A9BA9D1729F6CAF6001CF6AB /* MyPhotosCell.swift */ = {isa = PBXFileReference; lastKnownFileType = sourcecode.swift; path = MyPhotosCell.swift; sourceTree = "<group>"; };
		A9BA9D1829F6CAF6001CF6AB /* MyPhotosCell.xib */ = {isa = PBXFileReference; lastKnownFileType = file.xib; path = MyPhotosCell.xib; sourceTree = "<group>"; };
		A9BA9D1B29F6E830001CF6AB /* MyPhotosHeaderView.swift */ = {isa = PBXFileReference; lastKnownFileType = sourcecode.swift; path = MyPhotosHeaderView.swift; sourceTree = "<group>"; };
		A9BA9D1D29F6EB5C001CF6AB /* ProfileViewModel.swift */ = {isa = PBXFileReference; lastKnownFileType = sourcecode.swift; path = ProfileViewModel.swift; sourceTree = "<group>"; };
		A9DFEE0F29BB7E9D0059C3A7 /* FeedVC.swift */ = {isa = PBXFileReference; lastKnownFileType = sourcecode.swift; path = FeedVC.swift; sourceTree = "<group>"; };
		A9DFEE1329BB7F010059C3A7 /* SettingsVC.swift */ = {isa = PBXFileReference; lastKnownFileType = sourcecode.swift; path = SettingsVC.swift; sourceTree = "<group>"; };
		A9DFEE1529BB7F1C0059C3A7 /* UploadVC.swift */ = {isa = PBXFileReference; lastKnownFileType = sourcecode.swift; path = UploadVC.swift; sourceTree = "<group>"; };
		A9E2B69229D467F8008B1118 /* LikeListVC.swift */ = {isa = PBXFileReference; lastKnownFileType = sourcecode.swift; path = LikeListVC.swift; sourceTree = "<group>"; };
		A9E2B69429D5BEB2008B1118 /* FeedCellViewModel.swift */ = {isa = PBXFileReference; lastKnownFileType = sourcecode.swift; path = FeedCellViewModel.swift; sourceTree = "<group>"; };
/* End PBXFileReference section */

/* Begin PBXFrameworksBuildPhase section */
		A91B4F9329BB19EF002CF7E9 /* Frameworks */ = {
			isa = PBXFrameworksBuildPhase;
			buildActionMask = 2147483647;
			files = (
				A9F6F4AA29BB4FF200C45192 /* FirebaseAnalytics in Frameworks */,
				A94FB11129F9436200778543 /* YPImagePicker in Frameworks */,
				A9F6F4B029BB4FF200C45192 /* FirebaseStorage in Frameworks */,
				A9F6F4AC29BB4FF200C45192 /* FirebaseAuth in Frameworks */,
				A9B5979929C8702E009ED305 /* SDWebImageSVGCoder in Frameworks */,
				A9F6F4AE29BB4FF200C45192 /* FirebaseFirestore in Frameworks */,
			);
			runOnlyForDeploymentPostprocessing = 0;
		};
/* End PBXFrameworksBuildPhase section */

/* Begin PBXGroup section */
		A91B4F8D29BB19EF002CF7E9 = {
			isa = PBXGroup;
			children = (
				A91B4F9829BB19EF002CF7E9 /* InstaClone */,
				A91B4F9729BB19EF002CF7E9 /* Products */,
			);
			sourceTree = "<group>";
		};
		A91B4F9729BB19EF002CF7E9 /* Products */ = {
			isa = PBXGroup;
			children = (
				A91B4F9629BB19EF002CF7E9 /* InstaClone.app */,
			);
			name = Products;
			sourceTree = "<group>";
		};
		A91B4F9829BB19EF002CF7E9 /* InstaClone */ = {
			isa = PBXGroup;
			children = (
				A9883C2C29F0227500B1B72B /* Media */,
				A91B4F9929BB19EF002CF7E9 /* AppDelegate.swift */,
				A91B4F9B29BB19EF002CF7E9 /* SceneDelegate.swift */,
				A9B5979F29C9F9BE009ED305 /* Support */,
				A9B5979C29C9F13B009ED305 /* Model */,
				A9DFEE1129BB7ED20059C3A7 /* Views */,
				A9453BDB29CB1DFE00A62DB0 /* ViewModel */,
				A91B4F9F29BB19EF002CF7E9 /* Main.storyboard */,
				A91B4FA229BB19F0002CF7E9 /* Assets.xcassets */,
				A91B4FA429BB19F0002CF7E9 /* LaunchScreen.storyboard */,
				A91B4FA729BB19F0002CF7E9 /* Info.plist */,
				A91B4FAD29BB1D19002CF7E9 /* GoogleService-Info.plist */,
			);
			path = InstaClone;
			sourceTree = "<group>";
		};
		A9453BDB29CB1DFE00A62DB0 /* ViewModel */ = {
			isa = PBXGroup;
			children = (
				A9453BDC29CB3A3D00A62DB0 /* SignInViewModel.swift */,
				A9E2B69429D5BEB2008B1118 /* FeedCellViewModel.swift */,
				A9453BDE29CC458D00A62DB0 /* FeedViewModel.swift */,
				A9BA9D1D29F6EB5C001CF6AB /* ProfileViewModel.swift */,
				A9453BE029CC73FC00A62DB0 /* UploadViewModel.swift */,
				A9453BE229CC8C8B00A62DB0 /* SettingsViewModel.swift */,
			);
			path = ViewModel;
			sourceTree = "<group>";
		};
		A9883C2C29F0227500B1B72B /* Media */ = {
			isa = PBXGroup;
			children = (
				A9343C0829F163B6001FB439 /* Zoom in.mov */,
			);
			path = Media;
			sourceTree = "<group>";
		};
		A9B5979C29C9F13B009ED305 /* Model */ = {
			isa = PBXGroup;
			children = (
			);
			path = Model;
			sourceTree = "<group>";
		};
		A9B5979F29C9F9BE009ED305 /* Support */ = {
			isa = PBXGroup;
			children = (
				A9B597A029C9F9E2009ED305 /* Constants.swift */,
				A9B597A229C9FCD7009ED305 /* Extensions.swift */,
			);
			path = Support;
			sourceTree = "<group>";
		};
		A9BA9D1429F6BE85001CF6AB /* Cells */ = {
			isa = PBXGroup;
			children = (
				A9B5979329C49B2C009ED305 /* FeedCell.swift */,
				A9BA9D1129F6B8AA001CF6AB /* FeedCell.xib */,
				A9BA9D1B29F6E830001CF6AB /* MyPhotosHeaderView.swift */,
				A9BA9D1729F6CAF6001CF6AB /* MyPhotosCell.swift */,
				A9BA9D1829F6CAF6001CF6AB /* MyPhotosCell.xib */,
			);
			path = Cells;
			sourceTree = "<group>";
		};
		A9DFEE1129BB7ED20059C3A7 /* Views */ = {
			isa = PBXGroup;
			children = (
				A9453BEC29CCAC0F00A62DB0 /* SignInVC.swift */,
				A9BA9D1429F6BE85001CF6AB /* Cells */,
				A9DFEE0F29BB7E9D0059C3A7 /* FeedVC.swift */,
				A9BA9D1529F6C418001CF6AB /* ProfileVC.swift */,
				A9E2B69229D467F8008B1118 /* LikeListVC.swift */,
				A9DFEE1529BB7F1C0059C3A7 /* UploadVC.swift */,
				A9DFEE1329BB7F010059C3A7 /* SettingsVC.swift */,
			);
			path = Views;
			sourceTree = "<group>";
		};
/* End PBXGroup section */

/* Begin PBXNativeTarget section */
		A91B4F9529BB19EF002CF7E9 /* InstaClone */ = {
			isa = PBXNativeTarget;
			buildConfigurationList = A91B4FAA29BB19F0002CF7E9 /* Build configuration list for PBXNativeTarget "InstaClone" */;
			buildPhases = (
				A91B4F9229BB19EF002CF7E9 /* Sources */,
				A91B4F9329BB19EF002CF7E9 /* Frameworks */,
				A91B4F9429BB19EF002CF7E9 /* Resources */,
			);
			buildRules = (
			);
			dependencies = (
			);
			name = InstaClone;
			packageProductDependencies = (
				A9F6F4A929BB4FF200C45192 /* FirebaseAnalytics */,
				A9F6F4AB29BB4FF200C45192 /* FirebaseAuth */,
				A9F6F4AD29BB4FF200C45192 /* FirebaseFirestore */,
				A9F6F4AF29BB4FF200C45192 /* FirebaseStorage */,
				A9B5979829C8702E009ED305 /* SDWebImageSVGCoder */,
				A94FB11029F9436200778543 /* YPImagePicker */,
			);
			productName = InstaClone;
			productReference = A91B4F9629BB19EF002CF7E9 /* InstaClone.app */;
			productType = "com.apple.product-type.application";
		};
/* End PBXNativeTarget section */

/* Begin PBXProject section */
		A91B4F8E29BB19EF002CF7E9 /* Project object */ = {
			isa = PBXProject;
			attributes = {
				BuildIndependentTargetsInParallel = 1;
				LastSwiftUpdateCheck = 1420;
				LastUpgradeCheck = 1420;
				TargetAttributes = {
					A91B4F9529BB19EF002CF7E9 = {
						CreatedOnToolsVersion = 14.2;
					};
				};
			};
			buildConfigurationList = A91B4F9129BB19EF002CF7E9 /* Build configuration list for PBXProject "InstaClone" */;
			compatibilityVersion = "Xcode 13.0";
			developmentRegion = en;
			hasScannedForEncodings = 0;
			knownRegions = (
				en,
				Base,
			);
			mainGroup = A91B4F8D29BB19EF002CF7E9;
			packageReferences = (
				A9F6F4A829BB4FF200C45192 /* XCRemoteSwiftPackageReference "firebase-ios-sdk" */,
				A9B5979729C8702E009ED305 /* XCRemoteSwiftPackageReference "SDWebImageSVGCoder" */,
				A94FB10F29F9436200778543 /* XCRemoteSwiftPackageReference "YPImagePicker" */,
			);
			productRefGroup = A91B4F9729BB19EF002CF7E9 /* Products */;
			projectDirPath = "";
			projectRoot = "";
			targets = (
				A91B4F9529BB19EF002CF7E9 /* InstaClone */,
			);
		};
/* End PBXProject section */

/* Begin PBXResourcesBuildPhase section */
		A91B4F9429BB19EF002CF7E9 /* Resources */ = {
			isa = PBXResourcesBuildPhase;
			buildActionMask = 2147483647;
			files = (
				A91B4FA629BB19F0002CF7E9 /* LaunchScreen.storyboard in Resources */,
				A9BA9D1329F6B8AA001CF6AB /* FeedCell.xib in Resources */,
				A91B4FAE29BB1D19002CF7E9 /* GoogleService-Info.plist in Resources */,
				A91B4FA329BB19F0002CF7E9 /* Assets.xcassets in Resources */,
				A9343C0929F163B6001FB439 /* Zoom in.mov in Resources */,
				A91B4FA129BB19EF002CF7E9 /* Main.storyboard in Resources */,
				A9BA9D1A29F6CAF6001CF6AB /* MyPhotosCell.xib in Resources */,
			);
			runOnlyForDeploymentPostprocessing = 0;
		};
/* End PBXResourcesBuildPhase section */

/* Begin PBXSourcesBuildPhase section */
		A91B4F9229BB19EF002CF7E9 /* Sources */ = {
			isa = PBXSourcesBuildPhase;
			buildActionMask = 2147483647;
			files = (
				A9B5979429C49B2C009ED305 /* FeedCell.swift in Sources */,
				A9BA9D1E29F6EB5C001CF6AB /* ProfileViewModel.swift in Sources */,
				A9BA9D1C29F6E830001CF6AB /* MyPhotosHeaderView.swift in Sources */,
				A9453BE129CC73FC00A62DB0 /* UploadViewModel.swift in Sources */,
				A9DFEE1029BB7E9D0059C3A7 /* FeedVC.swift in Sources */,
				A9E2B69329D467F8008B1118 /* LikeListVC.swift in Sources */,
				A9BA9D1929F6CAF6001CF6AB /* MyPhotosCell.swift in Sources */,
				A9BA9D1629F6C418001CF6AB /* ProfileVC.swift in Sources */,
				A9DFEE1629BB7F1C0059C3A7 /* UploadVC.swift in Sources */,
				A9453BED29CCAC0F00A62DB0 /* SignInVC.swift in Sources */,
				A9B597A329C9FCD7009ED305 /* Extensions.swift in Sources */,
				A9453BDF29CC458D00A62DB0 /* FeedViewModel.swift in Sources */,
				A91B4F9A29BB19EF002CF7E9 /* AppDelegate.swift in Sources */,
				A9453BE329CC8C8B00A62DB0 /* SettingsViewModel.swift in Sources */,
				A9453BDD29CB3A3D00A62DB0 /* SignInViewModel.swift in Sources */,
				A9E2B69529D5BEB2008B1118 /* FeedCellViewModel.swift in Sources */,
				A91B4F9C29BB19EF002CF7E9 /* SceneDelegate.swift in Sources */,
				A9DFEE1429BB7F010059C3A7 /* SettingsVC.swift in Sources */,
				A9B597A129C9F9E2009ED305 /* Constants.swift in Sources */,
			);
			runOnlyForDeploymentPostprocessing = 0;
		};
/* End PBXSourcesBuildPhase section */

/* Begin PBXVariantGroup section */
		A91B4F9F29BB19EF002CF7E9 /* Main.storyboard */ = {
			isa = PBXVariantGroup;
			children = (
				A91B4FA029BB19EF002CF7E9 /* Base */,
			);
			name = Main.storyboard;
			sourceTree = "<group>";
		};
		A91B4FA429BB19F0002CF7E9 /* LaunchScreen.storyboard */ = {
			isa = PBXVariantGroup;
			children = (
				A91B4FA529BB19F0002CF7E9 /* Base */,
			);
			name = LaunchScreen.storyboard;
			sourceTree = "<group>";
		};
/* End PBXVariantGroup section */

/* Begin XCBuildConfiguration section */
		A91B4FA829BB19F0002CF7E9 /* Debug */ = {
			isa = XCBuildConfiguration;
			buildSettings = {
				ALWAYS_SEARCH_USER_PATHS = NO;
				CLANG_ANALYZER_NONNULL = YES;
				CLANG_ANALYZER_NUMBER_OBJECT_CONVERSION = YES_AGGRESSIVE;
				CLANG_CXX_LANGUAGE_STANDARD = "gnu++20";
				CLANG_ENABLE_MODULES = YES;
				CLANG_ENABLE_OBJC_ARC = YES;
				CLANG_ENABLE_OBJC_WEAK = YES;
				CLANG_WARN_BLOCK_CAPTURE_AUTORELEASING = YES;
				CLANG_WARN_BOOL_CONVERSION = YES;
				CLANG_WARN_COMMA = YES;
				CLANG_WARN_CONSTANT_CONVERSION = YES;
				CLANG_WARN_DEPRECATED_OBJC_IMPLEMENTATIONS = YES;
				CLANG_WARN_DIRECT_OBJC_ISA_USAGE = YES_ERROR;
				CLANG_WARN_DOCUMENTATION_COMMENTS = YES;
				CLANG_WARN_EMPTY_BODY = YES;
				CLANG_WARN_ENUM_CONVERSION = YES;
				CLANG_WARN_INFINITE_RECURSION = YES;
				CLANG_WARN_INT_CONVERSION = YES;
				CLANG_WARN_NON_LITERAL_NULL_CONVERSION = YES;
				CLANG_WARN_OBJC_IMPLICIT_RETAIN_SELF = YES;
				CLANG_WARN_OBJC_LITERAL_CONVERSION = YES;
				CLANG_WARN_OBJC_ROOT_CLASS = YES_ERROR;
				CLANG_WARN_QUOTED_INCLUDE_IN_FRAMEWORK_HEADER = YES;
				CLANG_WARN_RANGE_LOOP_ANALYSIS = YES;
				CLANG_WARN_STRICT_PROTOTYPES = YES;
				CLANG_WARN_SUSPICIOUS_MOVE = YES;
				CLANG_WARN_UNGUARDED_AVAILABILITY = YES_AGGRESSIVE;
				CLANG_WARN_UNREACHABLE_CODE = YES;
				CLANG_WARN__DUPLICATE_METHOD_MATCH = YES;
				COPY_PHASE_STRIP = NO;
				DEBUG_INFORMATION_FORMAT = dwarf;
				ENABLE_STRICT_OBJC_MSGSEND = YES;
				ENABLE_TESTABILITY = YES;
				GCC_C_LANGUAGE_STANDARD = gnu11;
				GCC_DYNAMIC_NO_PIC = NO;
				GCC_NO_COMMON_BLOCKS = YES;
				GCC_OPTIMIZATION_LEVEL = 0;
				GCC_PREPROCESSOR_DEFINITIONS = (
					"DEBUG=1",
					"$(inherited)",
				);
				GCC_WARN_64_TO_32_BIT_CONVERSION = YES;
				GCC_WARN_ABOUT_RETURN_TYPE = YES_ERROR;
				GCC_WARN_UNDECLARED_SELECTOR = YES;
				GCC_WARN_UNINITIALIZED_AUTOS = YES_AGGRESSIVE;
				GCC_WARN_UNUSED_FUNCTION = YES;
				GCC_WARN_UNUSED_VARIABLE = YES;
				IPHONEOS_DEPLOYMENT_TARGET = 14.0;
				MTL_ENABLE_DEBUG_INFO = INCLUDE_SOURCE;
				MTL_FAST_MATH = YES;
				ONLY_ACTIVE_ARCH = YES;
				SDKROOT = iphoneos;
				SWIFT_ACTIVE_COMPILATION_CONDITIONS = DEBUG;
				SWIFT_OPTIMIZATION_LEVEL = "-Onone";
			};
			name = Debug;
		};
		A91B4FA929BB19F0002CF7E9 /* Release */ = {
			isa = XCBuildConfiguration;
			buildSettings = {
				ALWAYS_SEARCH_USER_PATHS = NO;
				CLANG_ANALYZER_NONNULL = YES;
				CLANG_ANALYZER_NUMBER_OBJECT_CONVERSION = YES_AGGRESSIVE;
				CLANG_CXX_LANGUAGE_STANDARD = "gnu++20";
				CLANG_ENABLE_MODULES = YES;
				CLANG_ENABLE_OBJC_ARC = YES;
				CLANG_ENABLE_OBJC_WEAK = YES;
				CLANG_WARN_BLOCK_CAPTURE_AUTORELEASING = YES;
				CLANG_WARN_BOOL_CONVERSION = YES;
				CLANG_WARN_COMMA = YES;
				CLANG_WARN_CONSTANT_CONVERSION = YES;
				CLANG_WARN_DEPRECATED_OBJC_IMPLEMENTATIONS = YES;
				CLANG_WARN_DIRECT_OBJC_ISA_USAGE = YES_ERROR;
				CLANG_WARN_DOCUMENTATION_COMMENTS = YES;
				CLANG_WARN_EMPTY_BODY = YES;
				CLANG_WARN_ENUM_CONVERSION = YES;
				CLANG_WARN_INFINITE_RECURSION = YES;
				CLANG_WARN_INT_CONVERSION = YES;
				CLANG_WARN_NON_LITERAL_NULL_CONVERSION = YES;
				CLANG_WARN_OBJC_IMPLICIT_RETAIN_SELF = YES;
				CLANG_WARN_OBJC_LITERAL_CONVERSION = YES;
				CLANG_WARN_OBJC_ROOT_CLASS = YES_ERROR;
				CLANG_WARN_QUOTED_INCLUDE_IN_FRAMEWORK_HEADER = YES;
				CLANG_WARN_RANGE_LOOP_ANALYSIS = YES;
				CLANG_WARN_STRICT_PROTOTYPES = YES;
				CLANG_WARN_SUSPICIOUS_MOVE = YES;
				CLANG_WARN_UNGUARDED_AVAILABILITY = YES_AGGRESSIVE;
				CLANG_WARN_UNREACHABLE_CODE = YES;
				CLANG_WARN__DUPLICATE_METHOD_MATCH = YES;
				COPY_PHASE_STRIP = NO;
				DEBUG_INFORMATION_FORMAT = "dwarf-with-dsym";
				ENABLE_NS_ASSERTIONS = NO;
				ENABLE_STRICT_OBJC_MSGSEND = YES;
				GCC_C_LANGUAGE_STANDARD = gnu11;
				GCC_NO_COMMON_BLOCKS = YES;
				GCC_WARN_64_TO_32_BIT_CONVERSION = YES;
				GCC_WARN_ABOUT_RETURN_TYPE = YES_ERROR;
				GCC_WARN_UNDECLARED_SELECTOR = YES;
				GCC_WARN_UNINITIALIZED_AUTOS = YES_AGGRESSIVE;
				GCC_WARN_UNUSED_FUNCTION = YES;
				GCC_WARN_UNUSED_VARIABLE = YES;
				IPHONEOS_DEPLOYMENT_TARGET = 14.0;
				MTL_ENABLE_DEBUG_INFO = NO;
				MTL_FAST_MATH = YES;
				SDKROOT = iphoneos;
				SWIFT_COMPILATION_MODE = wholemodule;
				SWIFT_OPTIMIZATION_LEVEL = "-O";
				VALIDATE_PRODUCT = YES;
			};
			name = Release;
		};
		A91B4FAB29BB19F0002CF7E9 /* Debug */ = {
			isa = XCBuildConfiguration;
			buildSettings = {
				ASSETCATALOG_COMPILER_APPICON_NAME = AppIcon;
				ASSETCATALOG_COMPILER_GLOBAL_ACCENT_COLOR_NAME = AccentColor;
				CODE_SIGN_STYLE = Automatic;
				CURRENT_PROJECT_VERSION = 1;
				DEVELOPMENT_TEAM = 5D27LBTNA4;
				GENERATE_INFOPLIST_FILE = YES;
				INFOPLIST_FILE = InstaClone/Info.plist;
				INFOPLIST_KEY_UIApplicationSupportsIndirectInputEvents = YES;
				INFOPLIST_KEY_UILaunchStoryboardName = LaunchScreen;
				INFOPLIST_KEY_UIMainStoryboardFile = Main;
				INFOPLIST_KEY_UISupportedInterfaceOrientations = UIInterfaceOrientationPortrait;
				IPHONEOS_DEPLOYMENT_TARGET = 14.0;
				LD_RUNPATH_SEARCH_PATHS = (
					"$(inherited)",
					"@executable_path/Frameworks",
				);
				MARKETING_VERSION = 1.0;
				PRODUCT_BUNDLE_IDENTIFIER = "Halil-Dikisli.InstaClone";
				PRODUCT_NAME = "$(TARGET_NAME)";
				SWIFT_EMIT_LOC_STRINGS = YES;
				SWIFT_VERSION = 5.0;
				TARGETED_DEVICE_FAMILY = "1,2";
			};
			name = Debug;
		};
		A91B4FAC29BB19F0002CF7E9 /* Release */ = {
			isa = XCBuildConfiguration;
			buildSettings = {
				ASSETCATALOG_COMPILER_APPICON_NAME = AppIcon;
				ASSETCATALOG_COMPILER_GLOBAL_ACCENT_COLOR_NAME = AccentColor;
				CODE_SIGN_STYLE = Automatic;
				CURRENT_PROJECT_VERSION = 1;
				DEVELOPMENT_TEAM = 5D27LBTNA4;
				GENERATE_INFOPLIST_FILE = YES;
				INFOPLIST_FILE = InstaClone/Info.plist;
				INFOPLIST_KEY_UIApplicationSupportsIndirectInputEvents = YES;
				INFOPLIST_KEY_UILaunchStoryboardName = LaunchScreen;
				INFOPLIST_KEY_UIMainStoryboardFile = Main;
				INFOPLIST_KEY_UISupportedInterfaceOrientations = UIInterfaceOrientationPortrait;
				IPHONEOS_DEPLOYMENT_TARGET = 14.0;
				LD_RUNPATH_SEARCH_PATHS = (
					"$(inherited)",
					"@executable_path/Frameworks",
				);
				MARKETING_VERSION = 1.0;
				PRODUCT_BUNDLE_IDENTIFIER = "Halil-Dikisli.InstaClone";
				PRODUCT_NAME = "$(TARGET_NAME)";
				SWIFT_EMIT_LOC_STRINGS = YES;
				SWIFT_VERSION = 5.0;
				TARGETED_DEVICE_FAMILY = "1,2";
			};
			name = Release;
		};
/* End XCBuildConfiguration section */

/* Begin XCConfigurationList section */
		A91B4F9129BB19EF002CF7E9 /* Build configuration list for PBXProject "InstaClone" */ = {
			isa = XCConfigurationList;
			buildConfigurations = (
				A91B4FA829BB19F0002CF7E9 /* Debug */,
				A91B4FA929BB19F0002CF7E9 /* Release */,
			);
			defaultConfigurationIsVisible = 0;
			defaultConfigurationName = Release;
		};
		A91B4FAA29BB19F0002CF7E9 /* Build configuration list for PBXNativeTarget "InstaClone" */ = {
			isa = XCConfigurationList;
			buildConfigurations = (
				A91B4FAB29BB19F0002CF7E9 /* Debug */,
				A91B4FAC29BB19F0002CF7E9 /* Release */,
			);
			defaultConfigurationIsVisible = 0;
			defaultConfigurationName = Release;
		};
/* End XCConfigurationList section */

/* Begin XCRemoteSwiftPackageReference section */
		A94FB10F29F9436200778543 /* XCRemoteSwiftPackageReference "YPImagePicker" */ = {
			isa = XCRemoteSwiftPackageReference;
			repositoryURL = "https://github.com/Yummypets/YPImagePicker.git";
			requirement = {
				kind = upToNextMajorVersion;
				minimumVersion = 5.0.0;
			};
		};
		A9B5979729C8702E009ED305 /* XCRemoteSwiftPackageReference "SDWebImageSVGCoder" */ = {
			isa = XCRemoteSwiftPackageReference;
			repositoryURL = "https://github.com/SDWebImage/SDWebImageSVGCoder.git";
			requirement = {
				branch = master;
				kind = branch;
			};
		};
		A9F6F4A829BB4FF200C45192 /* XCRemoteSwiftPackageReference "firebase-ios-sdk" */ = {
			isa = XCRemoteSwiftPackageReference;
			repositoryURL = "https://github.com/firebase/firebase-ios-sdk.git";
			requirement = {
				kind = upToNextMajorVersion;
				minimumVersion = 9.0.0;
			};
		};
/* End XCRemoteSwiftPackageReference section */

/* Begin XCSwiftPackageProductDependency section */
		A94FB11029F9436200778543 /* YPImagePicker */ = {
			isa = XCSwiftPackageProductDependency;
			package = A94FB10F29F9436200778543 /* XCRemoteSwiftPackageReference "YPImagePicker" */;
			productName = YPImagePicker;
		};
		A9B5979829C8702E009ED305 /* SDWebImageSVGCoder */ = {
			isa = XCSwiftPackageProductDependency;
			package = A9B5979729C8702E009ED305 /* XCRemoteSwiftPackageReference "SDWebImageSVGCoder" */;
			productName = SDWebImageSVGCoder;
		};
		A9F6F4A929BB4FF200C45192 /* FirebaseAnalytics */ = {
			isa = XCSwiftPackageProductDependency;
			package = A9F6F4A829BB4FF200C45192 /* XCRemoteSwiftPackageReference "firebase-ios-sdk" */;
			productName = FirebaseAnalytics;
		};
		A9F6F4AB29BB4FF200C45192 /* FirebaseAuth */ = {
			isa = XCSwiftPackageProductDependency;
			package = A9F6F4A829BB4FF200C45192 /* XCRemoteSwiftPackageReference "firebase-ios-sdk" */;
			productName = FirebaseAuth;
		};
		A9F6F4AD29BB4FF200C45192 /* FirebaseFirestore */ = {
			isa = XCSwiftPackageProductDependency;
			package = A9F6F4A829BB4FF200C45192 /* XCRemoteSwiftPackageReference "firebase-ios-sdk" */;
			productName = FirebaseFirestore;
		};
		A9F6F4AF29BB4FF200C45192 /* FirebaseStorage */ = {
			isa = XCSwiftPackageProductDependency;
			package = A9F6F4A829BB4FF200C45192 /* XCRemoteSwiftPackageReference "firebase-ios-sdk" */;
			productName = FirebaseStorage;
		};
/* End XCSwiftPackageProductDependency section */
	};
	rootObject = A91B4F8E29BB19EF002CF7E9 /* Project object */;
}
